git.fractalqb.de/fractalqb/catch v0.3.0 h1:Gq2b4k3O4+8joTlXLx8thcwYU0FkRGnZgDAoalAs4dM=
git.fractalqb.de/fractalqb/catch v0.3.0/go.mod h1:zXovejd5jSkpUrfb5N5wuGqfhoP419f7IjdK+JKIbeE=
git.fractalqb.de/fractalqb/sllm/v3 v3.0.0-alpha.3 h1:WzB+P8tOMP1CdxYfBkMPqvqrQe5/aihtp3abFPwkUX8=
git.fractalqb.de/fractalqb/sllm/v3 v3.0.0-alpha.3/go.mod h1:TF4z6bXt5lA1tTq4x6eeuaqA9NIYGgTDwui+ookYC7A=
